
Microsoft Visual Studio Solution File, Format Version 12.00
# Visual Studio Version 17
VisualStudioVersion = 17.8.34316.72
MinimumVisualStudioVersion = 10.0.40219.1
Project("{FAE04EC0-301F-11D3-BF4B-00C04F79EFBC}") = "ReactWithASP.Server", "ReactWithASP.Server\ReactWithASP.Server.csproj", "{4F6E91D6-630C-4BD4-BEA0-33F13FB13174}"
EndProject
Project("{54A90642-561A-4BB1-A94E-469ADEE60C69}") = "reactwithasp.client", "reactwithasp.client\reactwithasp.client.esproj", "{D53BD788-8962-4599-897B-446AF7BD7152}"
EndProject
Global
	GlobalSection(SolutionConfigurationPlatforms) = preSolution
		Debug|Any CPU = Debug|Any CPU
		Release|Any CPU = Release|Any CPU
	EndGlobalSection
	GlobalSection(ProjectConfigurationPlatforms) = postSolution
		{4F6E91D6-630C-4BD4-BEA0-33F13FB13174}.Debug|Any CPU.ActiveCfg = Debug|Any CPU
		{4F6E91D6-630C-4BD4-BEA0-33F13FB13174}.Debug|Any CPU.Build.0 = Debug|Any CPU
		{4F6E91D6-630C-4BD4-BEA0-33F13FB13174}.Release|Any CPU.ActiveCfg = Release|Any CPU
		{4F6E91D6-630C-4BD4-BEA0-33F13FB13174}.Release|Any CPU.Build.0 = Release|Any CPU
		{D53BD788-8962-4599-897B-446AF7BD7152}.Debug|Any CPU.ActiveCfg = Debug|Any CPU
		{D53BD788-8962-4599-897B-446AF7BD7152}.Debug|Any CPU.Build.0 = Debug|Any CPU
		{D53BD788-8962-4599-897B-446AF7BD7152}.Debug|Any CPU.Deploy.0 = Debug|Any CPU
		{D53BD788-8962-4599-897B-446AF7BD7152}.Release|Any CPU.ActiveCfg = Release|Any CPU
		{D53BD788-8962-4599-897B-446AF7BD7152}.Release|Any CPU.Build.0 = Release|Any CPU
		{D53BD788-8962-4599-897B-446AF7BD7152}.Release|Any CPU.Deploy.0 = Release|Any CPU
	EndGlobalSection
	GlobalSection(SolutionProperties) = preSolution
		HideSolutionNode = FALSE
	EndGlobalSection
	GlobalSection(ExtensibilityGlobals) = postSolution
		SolutionGuid = {6225F36E-5860-4BDC-8A42-874B51FF14D6}
	EndGlobalSection
EndGlobal
